// !$*UTF8*$!
{
	archiveVersion = 1;
	classes = {
	};
	objectVersion = 77;
	objects = {

/* Begin PBXContainerItemProxy section */
		2DD76EEE2D4228E900DF4C33 /* PBXContainerItemProxy */ = {
			isa = PBXContainerItemProxy;
			containerPortal = 2DD76ED52D4228E800DF4C33 /* Project object */;
			proxyType = 1;
			remoteGlobalIDString = 2DD76EDC2D4228E800DF4C33;
			remoteInfo = MoviewQuizAppSwiftUI;
		};
		2DD76EF82D4228E900DF4C33 /* PBXContainerItemProxy */ = {
			isa = PBXContainerItemProxy;
			containerPortal = 2DD76ED52D4228E800DF4C33 /* Project object */;
			proxyType = 1;
			remoteGlobalIDString = 2DD76EDC2D4228E800DF4C33;
			remoteInfo = MoviewQuizAppSwiftUI;
		};
/* End PBXContainerItemProxy section */

/* Begin PBXFileReference section */
		2DD76EDD2D4228E800DF4C33 /* MoviewQuizAppSwiftUI.app */ = {isa = PBXFileReference; explicitFileType = wrapper.application; includeInIndex = 0; path = MoviewQuizAppSwiftUI.app; sourceTree = BUILT_PRODUCTS_DIR; };
		2DD76EED2D4228E900DF4C33 /* MoviewQuizAppSwiftUITests.xctest */ = {isa = PBXFileReference; explicitFileType = wrapper.cfbundle; includeInIndex = 0; path = MoviewQuizAppSwiftUITests.xctest; sourceTree = BUILT_PRODUCTS_DIR; };
		2DD76EF72D4228E900DF4C33 /* MoviewQuizAppSwiftUIUITests.xctest */ = {isa = PBXFileReference; explicitFileType = wrapper.cfbundle; includeInIndex = 0; path = MoviewQuizAppSwiftUIUITests.xctest; sourceTree = BUILT_PRODUCTS_DIR; };
/* End PBXFileReference section */

/* Begin PBXFileSystemSynchronizedBuildFileExceptionSet section */
		2D9BC9A12D6D9273004F4A71 /* Exceptions for "MoviewQuizAppSwiftUI" folder in "MoviewQuizAppSwiftUI" target */ = {
			isa = PBXFileSystemSynchronizedBuildFileExceptionSet;
			membershipExceptions = (
				Info.plist,
			);
			target = 2DD76EDC2D4228E800DF4C33 /* MoviewQuizAppSwiftUI */;
		};
/* End PBXFileSystemSynchronizedBuildFileExceptionSet section */

/* Begin PBXFileSystemSynchronizedRootGroup section */
		2D9BC98B2D6D9273004F4A71 /* MoviewQuizAppSwiftUI */ = {
			isa = PBXFileSystemSynchronizedRootGroup;
			exceptions = (
				2D9BC9A12D6D9273004F4A71 /* Exceptions for "MoviewQuizAppSwiftUI" folder in "MoviewQuizAppSwiftUI" target */,
			);
			path = MoviewQuizAppSwiftUI;
			sourceTree = "<group>";
		};
		2DD76EF02D4228E900DF4C33 /* MoviewQuizAppSwiftUITests */ = {
			isa = PBXFileSystemSynchronizedRootGroup;
			path = MoviewQuizAppSwiftUITests;
			sourceTree = "<group>";
		};
		2DD76EFA2D4228E900DF4C33 /* MoviewQuizAppSwiftUIUITests */ = {
			isa = PBXFileSystemSynchronizedRootGroup;
			path = MoviewQuizAppSwiftUIUITests;
			sourceTree = "<group>";
		};
/* End PBXFileSystemSynchronizedRootGroup section */

/* Begin PBXFrameworksBuildPhase section */
		2DD76EDA2D4228E800DF4C33 /* Frameworks */ = {
			isa = PBXFrameworksBuildPhase;
			buildActionMask = 2147483647;
			files = (
			);
			runOnlyForDeploymentPostprocessing = 0;
		};
		2DD76EEA2D4228E900DF4C33 /* Frameworks */ = {
			isa = PBXFrameworksBuildPhase;
			buildActionMask = 2147483647;
			files = (
			);
			runOnlyForDeploymentPostprocessing = 0;
		};
		2DD76EF42D4228E900DF4C33 /* Frameworks */ = {
			isa = PBXFrameworksBuildPhase;
			buildActionMask = 2147483647;
			files = (
			);
			runOnlyForDeploymentPostprocessing = 0;
		};
/* End PBXFrameworksBuildPhase section */

/* Begin PBXGroup section */
		2DD76ED42D4228E800DF4C33 = {
			isa = PBXGroup;
			children = (
				2D9BC98B2D6D9273004F4A71 /* MoviewQuizAppSwiftUI */,
				2DD76EF02D4228E900DF4C33 /* MoviewQuizAppSwiftUITests */,
				2DD76EFA2D4228E900DF4C33 /* MoviewQuizAppSwiftUIUITests */,
				2DD76EDE2D4228E800DF4C33 /* Products */,
			);
			sourceTree = "<group>";
		};
		2DD76EDE2D4228E800DF4C33 /* Products */ = {
			isa = PBXGroup;
			children = (
				2DD76EDD2D4228E800DF4C33 /* MoviewQuizAppSwiftUI.app */,
				2DD76EED2D4228E900DF4C33 /* MoviewQuizAppSwiftUITests.xctest */,
				2DD76EF72D4228E900DF4C33 /* MoviewQuizAppSwiftUIUITests.xctest */,
			);
			name = Products;
			sourceTree = "<group>";
		};
/* End PBXGroup section */

/* Begin PBXNativeTarget section */
		2DD76EDC2D4228E800DF4C33 /* MoviewQuizAppSwiftUI */ = {
			isa = PBXNativeTarget;
			buildConfigurationList = 2DD76F012D4228E900DF4C33 /* Build configuration list for PBXNativeTarget "MoviewQuizAppSwiftUI" */;
			buildPhases = (
				2DD76ED92D4228E800DF4C33 /* Sources */,
				2DD76EDA2D4228E800DF4C33 /* Frameworks */,
				2DD76EDB2D4228E800DF4C33 /* Resources */,
			);
			buildRules = (
			);
			dependencies = (
			);
			fileSystemSynchronizedGroups = (
				2D9BC98B2D6D9273004F4A71 /* MoviewQuizAppSwiftUI */,
			);
			name = MoviewQuizAppSwiftUI;
			packageProductDependencies = (
			);
			productName = MoviewQuizAppSwiftUI;
			productReference = 2DD76EDD2D4228E800DF4C33 /* MoviewQuizAppSwiftUI.app */;
			productType = "com.apple.product-type.application";
		};
		2DD76EEC2D4228E900DF4C33 /* MoviewQuizAppSwiftUITests */ = {
			isa = PBXNativeTarget;
			buildConfigurationList = 2DD76F042D4228E900DF4C33 /* Build configuration list for PBXNativeTarget "MoviewQuizAppSwiftUITests" */;
			buildPhases = (
				2DD76EE92D4228E900DF4C33 /* Sources */,
				2DD76EEA2D4228E900DF4C33 /* Frameworks */,
				2DD76EEB2D4228E900DF4C33 /* Resources */,
			);
			buildRules = (
			);
			dependencies = (
				2DD76EEF2D4228E900DF4C33 /* PBXTargetDependency */,
			);
			fileSystemSynchronizedGroups = (
				2DD76EF02D4228E900DF4C33 /* MoviewQuizAppSwiftUITests */,
			);
			name = MoviewQuizAppSwiftUITests;
			packageProductDependencies = (
			);
			productName = MoviewQuizAppSwiftUITests;
			productReference = 2DD76EED2D4228E900DF4C33 /* MoviewQuizAppSwiftUITests.xctest */;
			productType = "com.apple.product-type.bundle.unit-test";
		};
		2DD76EF62D4228E900DF4C33 /* MoviewQuizAppSwiftUIUITests */ = {
			isa = PBXNativeTarget;
			buildConfigurationList = 2DD76F072D4228E900DF4C33 /* Build configuration list for PBXNativeTarget "MoviewQuizAppSwiftUIUITests" */;
			buildPhases = (
				2DD76EF32D4228E900DF4C33 /* Sources */,
				2DD76EF42D4228E900DF4C33 /* Frameworks */,
				2DD76EF52D4228E900DF4C33 /* Resources */,
			);
			buildRules = (
			);
			dependencies = (
				2DD76EF92D4228E900DF4C33 /* PBXTargetDependency */,
			);
			fileSystemSynchronizedGroups = (
				2DD76EFA2D4228E900DF4C33 /* MoviewQuizAppSwiftUIUITests */,
			);
			name = MoviewQuizAppSwiftUIUITests;
			packageProductDependencies = (
			);
			productName = MoviewQuizAppSwiftUIUITests;
			productReference = 2DD76EF72D4228E900DF4C33 /* MoviewQuizAppSwiftUIUITests.xctest */;
			productType = "com.apple.product-type.bundle.ui-testing";
		};
/* End PBXNativeTarget section */

/* Begin PBXProject section */
		2DD76ED52D4228E800DF4C33 /* Project object */ = {
			isa = PBXProject;
			attributes = {
				BuildIndependentTargetsInParallel = 1;
				LastSwiftUpdateCheck = 1620;
				LastUpgradeCheck = 1620;
				TargetAttributes = {
					2DD76EDC2D4228E800DF4C33 = {
						CreatedOnToolsVersion = 16.2;
					};
					2DD76EEC2D4228E900DF4C33 = {
						CreatedOnToolsVersion = 16.2;
						TestTargetID = 2DD76EDC2D4228E800DF4C33;
					};
					2DD76EF62D4228E900DF4C33 = {
						CreatedOnToolsVersion = 16.2;
						TestTargetID = 2DD76EDC2D4228E800DF4C33;
					};
				};
			};
			buildConfigurationList = 2DD76ED82D4228E800DF4C33 /* Build configuration list for PBXProject "MoviewQuizAppSwiftUI" */;
			developmentRegion = en;
			hasScannedForEncodings = 0;
			knownRegions = (
				en,
				Base,
			);
			mainGroup = 2DD76ED42D4228E800DF4C33;
			minimizedProjectReferenceProxies = 1;
			preferredProjectObjectVersion = 77;
			productRefGroup = 2DD76EDE2D4228E800DF4C33 /* Products */;
			projectDirPath = "";
			projectRoot = "";
			targets = (
				2DD76EDC2D4228E800DF4C33 /* MoviewQuizAppSwiftUI */,
				2DD76EEC2D4228E900DF4C33 /* MoviewQuizAppSwiftUITests */,
				2DD76EF62D4228E900DF4C33 /* MoviewQuizAppSwiftUIUITests */,
			);
		};
/* End PBXProject section */

/* Begin PBXResourcesBuildPhase section */
		2DD76EDB2D4228E800DF4C33 /* Resources */ = {
			isa = PBXResourcesBuildPhase;
			buildActionMask = 2147483647;
			files = (
			);
			runOnlyForDeploymentPostprocessing = 0;
		};
		2DD76EEB2D4228E900DF4C33 /* Resources */ = {
			isa = PBXResourcesBuildPhase;
			buildActionMask = 2147483647;
			files = (
			);
			runOnlyForDeploymentPostprocessing = 0;
		};
		2DD76EF52D4228E900DF4C33 /* Resources */ = {
			isa = PBXResourcesBuildPhase;
			buildActionMask = 2147483647;
			files = (
			);
			runOnlyForDeploymentPostprocessing = 0;
		};
/* End PBXResourcesBuildPhase section */

/* Begin PBXSourcesBuildPhase section */
		2DD76ED92D4228E800DF4C33 /* Sources */ = {
			isa = PBXSourcesBuildPhase;
			buildActionMask = 2147483647;
			files = (
			);
			runOnlyForDeploymentPostprocessing = 0;
		};
		2DD76EE92D4228E900DF4C33 /* Sources */ = {
			isa = PBXSourcesBuildPhase;
			buildActionMask = 2147483647;
			files = (
			);
			runOnlyForDeploymentPostprocessing = 0;
		};
		2DD76EF32D4228E900DF4C33 /* Sources */ = {
			isa = PBXSourcesBuildPhase;
			buildActionMask = 2147483647;
			files = (
			);
			runOnlyForDeploymentPostprocessing = 0;
		};
/* End PBXSourcesBuildPhase section */

/* Begin PBXTargetDependency section */
		2DD76EEF2D4228E900DF4C33 /* PBXTargetDependency */ = {
			isa = PBXTargetDependency;
			target = 2DD76EDC2D4228E800DF4C33 /* MoviewQuizAppSwiftUI */;
			targetProxy = 2DD76EEE2D4228E900DF4C33 /* PBXContainerItemProxy */;
		};
		2DD76EF92D4228E900DF4C33 /* PBXTargetDependency */ = {
			isa = PBXTargetDependency;
			target = 2DD76EDC2D4228E800DF4C33 /* MoviewQuizAppSwiftUI */;
			targetProxy = 2DD76EF82D4228E900DF4C33 /* PBXContainerItemProxy */;
		};
/* End PBXTargetDependency section */

/* Begin XCBuildConfiguration section */
		2DD76EFF2D4228E900DF4C33 /* Debug */ = {
			isa = XCBuildConfiguration;
			buildSettings = {
				ALWAYS_SEARCH_USER_PATHS = NO;
				ASSETCATALOG_COMPILER_GENERATE_SWIFT_ASSET_SYMBOL_EXTENSIONS = YES;
				CLANG_ANALYZER_NONNULL = YES;
				CLANG_ANALYZER_NUMBER_OBJECT_CONVERSION = YES_AGGRESSIVE;
				CLANG_CXX_LANGUAGE_STANDARD = "gnu++20";
				CLANG_ENABLE_MODULES = YES;
				CLANG_ENABLE_OBJC_ARC = YES;
				CLANG_ENABLE_OBJC_WEAK = YES;
				CLANG_WARN_BLOCK_CAPTURE_AUTORELEASING = YES;
				CLANG_WARN_BOOL_CONVERSION = YES;
				CLANG_WARN_COMMA = YES;
				CLANG_WARN_CONSTANT_CONVERSION = YES;
				CLANG_WARN_DEPRECATED_OBJC_IMPLEMENTATIONS = YES;
				CLANG_WARN_DIRECT_OBJC_ISA_USAGE = YES_ERROR;
				CLANG_WARN_DOCUMENTATION_COMMENTS = YES;
				CLANG_WARN_EMPTY_BODY = YES;
				CLANG_WARN_ENUM_CONVERSION = YES;
				CLANG_WARN_INFINITE_RECURSION = YES;
				CLANG_WARN_INT_CONVERSION = YES;
				CLANG_WARN_NON_LITERAL_NULL_CONVERSION = YES;
				CLANG_WARN_OBJC_IMPLICIT_RETAIN_SELF = YES;
				CLANG_WARN_OBJC_LITERAL_CONVERSION = YES;
				CLANG_WARN_OBJC_ROOT_CLASS = YES_ERROR;
				CLANG_WARN_QUOTED_INCLUDE_IN_FRAMEWORK_HEADER = YES;
				CLANG_WARN_RANGE_LOOP_ANALYSIS = YES;
				CLANG_WARN_STRICT_PROTOTYPES = YES;
				CLANG_WARN_SUSPICIOUS_MOVE = YES;
				CLANG_WARN_UNGUARDED_AVAILABILITY = YES_AGGRESSIVE;
				CLANG_WARN_UNREACHABLE_CODE = YES;
				CLANG_WARN__DUPLICATE_METHOD_MATCH = YES;
				COPY_PHASE_STRIP = NO;
				DEBUG_INFORMATION_FORMAT = dwarf;
				ENABLE_STRICT_OBJC_MSGSEND = YES;
				ENABLE_TESTABILITY = YES;
				ENABLE_USER_SCRIPT_SANDBOXING = YES;
				GCC_C_LANGUAGE_STANDARD = gnu17;
				GCC_DYNAMIC_NO_PIC = NO;
				GCC_NO_COMMON_BLOCKS = YES;
				GCC_OPTIMIZATION_LEVEL = 0;
				GCC_PREPROCESSOR_DEFINITIONS = (
					"DEBUG=1",
					"$(inherited)",
				);
				GCC_WARN_64_TO_32_BIT_CONVERSION = YES;
				GCC_WARN_ABOUT_RETURN_TYPE = YES_ERROR;
				GCC_WARN_UNDECLARED_SELECTOR = YES;
				GCC_WARN_UNINITIALIZED_AUTOS = YES_AGGRESSIVE;
				GCC_WARN_UNUSED_FUNCTION = YES;
				GCC_WARN_UNUSED_VARIABLE = YES;
				IPHONEOS_DEPLOYMENT_TARGET = 18.2;
				LOCALIZATION_PREFERS_STRING_CATALOGS = YES;
				MTL_ENABLE_DEBUG_INFO = INCLUDE_SOURCE;
				MTL_FAST_MATH = YES;
				ONLY_ACTIVE_ARCH = YES;
				SDKROOT = iphoneos;
				SWIFT_ACTIVE_COMPILATION_CONDITIONS = "DEBUG $(inherited)";
				SWIFT_OPTIMIZATION_LEVEL = "-Onone";
			};
			name = Debug;
		};
		2DD76F002D4228E900DF4C33 /* Release */ = {
			isa = XCBuildConfiguration;
			buildSettings = {
				ALWAYS_SEARCH_USER_PATHS = NO;
				ASSETCATALOG_COMPILER_GENERATE_SWIFT_ASSET_SYMBOL_EXTENSIONS = YES;
				CLANG_ANALYZER_NONNULL = YES;
				CLANG_ANALYZER_NUMBER_OBJECT_CONVERSION = YES_AGGRESSIVE;
				CLANG_CXX_LANGUAGE_STANDARD = "gnu++20";
				CLANG_ENABLE_MODULES = YES;
				CLANG_ENABLE_OBJC_ARC = YES;
				CLANG_ENABLE_OBJC_WEAK = YES;
				CLANG_WARN_BLOCK_CAPTURE_AUTORELEASING = YES;
				CLANG_WARN_BOOL_CONVERSION = YES;
				CLANG_WARN_COMMA = YES;
				CLANG_WARN_CONSTANT_CONVERSION = YES;
				CLANG_WARN_DEPRECATED_OBJC_IMPLEMENTATIONS = YES;
				CLANG_WARN_DIRECT_OBJC_ISA_USAGE = YES_ERROR;
				CLANG_WARN_DOCUMENTATION_COMMENTS = YES;
				CLANG_WARN_EMPTY_BODY = YES;
				CLANG_WARN_ENUM_CONVERSION = YES;
				CLANG_WARN_INFINITE_RECURSION = YES;
				CLANG_WARN_INT_CONVERSION = YES;
				CLANG_WARN_NON_LITERAL_NULL_CONVERSION = YES;
				CLANG_WARN_OBJC_IMPLICIT_RETAIN_SELF = YES;
				CLANG_WARN_OBJC_LITERAL_CONVERSION = YES;
				CLANG_WARN_OBJC_ROOT_CLASS = YES_ERROR;
				CLANG_WARN_QUOTED_INCLUDE_IN_FRAMEWORK_HEADER = YES;
				CLANG_WARN_RANGE_LOOP_ANALYSIS = YES;
				CLANG_WARN_STRICT_PROTOTYPES = YES;
				CLANG_WARN_SUSPICIOUS_MOVE = YES;
				CLANG_WARN_UNGUARDED_AVAILABILITY = YES_AGGRESSIVE;
				CLANG_WARN_UNREACHABLE_CODE = YES;
				CLANG_WARN__DUPLICATE_METHOD_MATCH = YES;
				COPY_PHASE_STRIP = NO;
				DEBUG_INFORMATION_FORMAT = "dwarf-with-dsym";
				ENABLE_NS_ASSERTIONS = NO;
				ENABLE_STRICT_OBJC_MSGSEND = YES;
				ENABLE_USER_SCRIPT_SANDBOXING = YES;
				GCC_C_LANGUAGE_STANDARD = gnu17;
				GCC_NO_COMMON_BLOCKS = YES;
				GCC_WARN_64_TO_32_BIT_CONVERSION = YES;
				GCC_WARN_ABOUT_RETURN_TYPE = YES_ERROR;
				GCC_WARN_UNDECLARED_SELECTOR = YES;
				GCC_WARN_UNINITIALIZED_AUTOS = YES_AGGRESSIVE;
				GCC_WARN_UNUSED_FUNCTION = YES;
				GCC_WARN_UNUSED_VARIABLE = YES;
				IPHONEOS_DEPLOYMENT_TARGET = 18.2;
				LOCALIZATION_PREFERS_STRING_CATALOGS = YES;
				MTL_ENABLE_DEBUG_INFO = NO;
				MTL_FAST_MATH = YES;
				SDKROOT = iphoneos;
				SWIFT_COMPILATION_MODE = wholemodule;
				VALIDATE_PRODUCT = YES;
			};
			name = Release;
		};
		2DD76F022D4228E900DF4C33 /* Debug */ = {
			isa = XCBuildConfiguration;
			buildSettings = {
				ASSETCATALOG_COMPILER_APPICON_NAME = AppIcon;
				ASSETCATALOG_COMPILER_GLOBAL_ACCENT_COLOR_NAME = AccentColor;
				CODE_SIGN_STYLE = Automatic;
				CURRENT_PROJECT_VERSION = 1;
				DEVELOPMENT_ASSET_PATHS = "\"MoviewQuizAppSwiftUI/Preview Content\"";
				DEVELOPMENT_TEAM = 49VL494TXQ;
				ENABLE_PREVIEWS = YES;
				GENERATE_INFOPLIST_FILE = YES;
				INFOPLIST_FILE = MoviewQuizAppSwiftUI/Info.plist;
				INFOPLIST_KEY_UIApplicationSceneManifest_Generation = YES;
				INFOPLIST_KEY_UIApplicationSupportsIndirectInputEvents = YES;
				INFOPLIST_KEY_UILaunchScreen_Generation = YES;
				INFOPLIST_KEY_UISupportedInterfaceOrientations_iPad = "UIInterfaceOrientationPortrait UIInterfaceOrientationPortraitUpsideDown UIInterfaceOrientationLandscapeLeft UIInterfaceOrientationLandscapeRight";
				INFOPLIST_KEY_UISupportedInterfaceOrientations_iPhone = "UIInterfaceOrientationPortrait UIInterfaceOrientationLandscapeLeft UIInterfaceOrientationLandscapeRight";
				LD_RUNPATH_SEARCH_PATHS = (
					"$(inherited)",
					"@executable_path/Frameworks",
				);
				MARKETING_VERSION = 1.0;
				PRODUCT_BUNDLE_IDENTIFIER = TIPT.MoviewQuizAppSwiftUI;
				PRODUCT_NAME = "$(TARGET_NAME)";
				SWIFT_EMIT_LOC_STRINGS = YES;
				SWIFT_VERSION = 5.0;
				TARGETED_DEVICE_FAMILY = "1,2";
			};
			name = Debug;
		};
		2DD76F032D4228E900DF4C33 /* Release */ = {
			isa = XCBuildConfiguration;
			buildSettings = {
				ASSETCATALOG_COMPILER_APPICON_NAME = AppIcon;
				ASSETCATALOG_COMPILER_GLOBAL_ACCENT_COLOR_NAME = AccentColor;
				CODE_SIGN_STYLE = Automatic;
				CURRENT_PROJECT_VERSION = 1;
				DEVELOPMENT_ASSET_PATHS = "\"MoviewQuizAppSwiftUI/Preview Content\"";
				DEVELOPMENT_TEAM = 49VL494TXQ;
				ENABLE_PREVIEWS = YES;
				GENERATE_INFOPLIST_FILE = YES;
				INFOPLIST_FILE = MoviewQuizAppSwiftUI/Info.plist;
				INFOPLIST_KEY_UIApplicationSceneManifest_Generation = YES;
				INFOPLIST_KEY_UIApplicationSupportsIndirectInputEvents = YES;
				INFOPLIST_KEY_UILaunchScreen_Generation = YES;
				INFOPLIST_KEY_UISupportedInterfaceOrientations_iPad = "UIInterfaceOrientationPortrait UIInterfaceOrientationPortraitUpsideDown UIInterfaceOrientationLandscapeLeft UIInterfaceOrientationLandscapeRight";
				INFOPLIST_KEY_UISupportedInterfaceOrientations_iPhone = "UIInterfaceOrientationPortrait UIInterfaceOrientationLandscapeLeft UIInterfaceOrientationLandscapeRight";
				LD_RUNPATH_SEARCH_PATHS = (
					"$(inherited)",
					"@executable_path/Frameworks",
				);
				MARKETING_VERSION = 1.0;
				PRODUCT_BUNDLE_IDENTIFIER = TIPT.MoviewQuizAppSwiftUI;
				PRODUCT_NAME = "$(TARGET_NAME)";
				SWIFT_EMIT_LOC_STRINGS = YES;
				SWIFT_VERSION = 5.0;
				TARGETED_DEVICE_FAMILY = "1,2";
			};
			name = Release;
		};
		2DD76F052D4228E900DF4C33 /* Debug */ = {
			isa = XCBuildConfiguration;
			buildSettings = {
				BUNDLE_LOADER = "$(TEST_HOST)";
				CODE_SIGN_STYLE = Automatic;
				CURRENT_PROJECT_VERSION = 1;
				DEVELOPMENT_TEAM = 49VL494TXQ;
				GENERATE_INFOPLIST_FILE = YES;
				IPHONEOS_DEPLOYMENT_TARGET = 18.2;
				MARKETING_VERSION = 1.0;
				PRODUCT_BUNDLE_IDENTIFIER = TIPT.MoviewQuizAppSwiftUITests;
				PRODUCT_NAME = "$(TARGET_NAME)";
				SWIFT_EMIT_LOC_STRINGS = NO;
				SWIFT_VERSION = 5.0;
				TARGETED_DEVICE_FAMILY = "1,2";
				TEST_HOST = "$(BUILT_PRODUCTS_DIR)/MoviewQuizAppSwiftUI.app/$(BUNDLE_EXECUTABLE_FOLDER_PATH)/MoviewQuizAppSwiftUI";
			};
			name = Debug;
		};
		2DD76F062D4228E900DF4C33 /* Release */ = {
			isa = XCBuildConfiguration;
			buildSettings = {
				BUNDLE_LOADER = "$(TEST_HOST)";
				CODE_SIGN_STYLE = Automatic;
				CURRENT_PROJECT_VERSION = 1;
				DEVELOPMENT_TEAM = 49VL494TXQ;
				GENERATE_INFOPLIST_FILE = YES;
				IPHONEOS_DEPLOYMENT_TARGET = 18.2;
				MARKETING_VERSION = 1.0;
				PRODUCT_BUNDLE_IDENTIFIER = TIPT.MoviewQuizAppSwiftUITests;
				PRODUCT_NAME = "$(TARGET_NAME)";
				SWIFT_EMIT_LOC_STRINGS = NO;
				SWIFT_VERSION = 5.0;
				TARGETED_DEVICE_FAMILY = "1,2";
				TEST_HOST = "$(BUILT_PRODUCTS_DIR)/MoviewQuizAppSwiftUI.app/$(BUNDLE_EXECUTABLE_FOLDER_PATH)/MoviewQuizAppSwiftUI";
			};
			name = Release;
		};
		2DD76F082D4228E900DF4C33 /* Debug */ = {
			isa = XCBuildConfiguration;
			buildSettings = {
				CODE_SIGN_STYLE = Automatic;
				CURRENT_PROJECT_VERSION = 1;
				DEVELOPMENT_TEAM = 49VL494TXQ;
				GENERATE_INFOPLIST_FILE = YES;
				MARKETING_VERSION = 1.0;
				PRODUCT_BUNDLE_IDENTIFIER = TIPT.MoviewQuizAppSwiftUIUITests;
				PRODUCT_NAME = "$(TARGET_NAME)";
				SWIFT_EMIT_LOC_STRINGS = NO;
				SWIFT_VERSION = 5.0;
				TARGETED_DEVICE_FAMILY = "1,2";
				TEST_TARGET_NAME = MoviewQuizAppSwiftUI;
			};
			name = Debug;
		};
		2DD76F092D4228E900DF4C33 /* Release */ = {
			isa = XCBuildConfiguration;
			buildSettings = {
				CODE_SIGN_STYLE = Automatic;
				CURRENT_PROJECT_VERSION = 1;
				DEVELOPMENT_TEAM = 49VL494TXQ;
				GENERATE_INFOPLIST_FILE = YES;
				MARKETING_VERSION = 1.0;
				PRODUCT_BUNDLE_IDENTIFIER = TIPT.MoviewQuizAppSwiftUIUITests;
				PRODUCT_NAME = "$(TARGET_NAME)";
				SWIFT_EMIT_LOC_STRINGS = NO;
				SWIFT_VERSION = 5.0;
				TARGETED_DEVICE_FAMILY = "1,2";
				TEST_TARGET_NAME = MoviewQuizAppSwiftUI;
			};
			name = Release;
		};
/* End XCBuildConfiguration section */

/* Begin XCConfigurationList section */
		2DD76ED82D4228E800DF4C33 /* Build configuration list for PBXProject "MoviewQuizAppSwiftUI" */ = {
			isa = XCConfigurationList;
			buildConfigurations = (
				2DD76EFF2D4228E900DF4C33 /* Debug */,
				2DD76F002D4228E900DF4C33 /* Release */,
			);
			defaultConfigurationIsVisible = 0;
			defaultConfigurationName = Release;
		};
		2DD76F012D4228E900DF4C33 /* Build configuration list for PBXNativeTarget "MoviewQuizAppSwiftUI" */ = {
			isa = XCConfigurationList;
			buildConfigurations = (
				2DD76F022D4228E900DF4C33 /* Debug */,
				2DD76F032D4228E900DF4C33 /* Release */,
			);
			defaultConfigurationIsVisible = 0;
			defaultConfigurationName = Release;
		};
		2DD76F042D4228E900DF4C33 /* Build configuration list for PBXNativeTarget "MoviewQuizAppSwiftUITests" */ = {
			isa = XCConfigurationList;
			buildConfigurations = (
				2DD76F052D4228E900DF4C33 /* Debug */,
				2DD76F062D4228E900DF4C33 /* Release */,
			);
			defaultConfigurationIsVisible = 0;
			defaultConfigurationName = Release;
		};
		2DD76F072D4228E900DF4C33 /* Build configuration list for PBXNativeTarget "MoviewQuizAppSwiftUIUITests" */ = {
			isa = XCConfigurationList;
			buildConfigurations = (
				2DD76F082D4228E900DF4C33 /* Debug */,
				2DD76F092D4228E900DF4C33 /* Release */,
			);
			defaultConfigurationIsVisible = 0;
			defaultConfigurationName = Release;
		};
/* End XCConfigurationList section */
	};
	rootObject = 2DD76ED52D4228E800DF4C33 /* Project object */;
}
